
Microsoft Visual Studio Solution File, Format Version 12.00
# Visual Studio 2012
Project("{FAE04EC0-301F-11D3-BF4B-00C04F79EFBC}") = "ioscards", "ioscards\ioscards.csproj", "{29D8A86B-B05E-4B9D-85DD-659FB376DD73}"
EndProject
Global
	GlobalSection(SolutionConfigurationPlatforms) = preSolution
		Debug|iPhoneSimulator = Debug|iPhoneSimulator
		Release|iPhone = Release|iPhone
		Release|iPhoneSimulator = Release|iPhoneSimulator
		Debug|iPhone = Debug|iPhone
		Debug|Any CPU = Debug|Any CPU
		Release|Any CPU = Release|Any CPU
	EndGlobalSection
	GlobalSection(ProjectConfigurationPlatforms) = postSolution
		{29D8A86B-B05E-4B9D-85DD-659FB376DD73}.Debug|Any CPU.ActiveCfg = Debug|iPhoneSimulator
		{29D8A86B-B05E-4B9D-85DD-659FB376DD73}.Debug|Any CPU.Build.0 = Debug|iPhoneSimulator
		{29D8A86B-B05E-4B9D-85DD-659FB376DD73}.Debug|iPhone.ActiveCfg = Debug|iPhone
		{29D8A86B-B05E-4B9D-85DD-659FB376DD73}.Debug|iPhone.Build.0 = Debug|iPhone
		{29D8A86B-B05E-4B9D-85DD-659FB376DD73}.Debug|iPhoneSimulator.ActiveCfg = Debug|iPhoneSimulator
		{29D8A86B-B05E-4B9D-85DD-659FB376DD73}.Debug|iPhoneSimulator.Build.0 = Debug|iPhoneSimulator
		{29D8A86B-B05E-4B9D-85DD-659FB376DD73}.Release|Any CPU.ActiveCfg = Release|iPhone
		{29D8A86B-B05E-4B9D-85DD-659FB376DD73}.Release|Any CPU.Build.0 = Release|iPhone
		{29D8A86B-B05E-4B9D-85DD-659FB376DD73}.Release|iPhone.ActiveCfg = Release|iPhone
		{29D8A86B-B05E-4B9D-85DD-659FB376DD73}.Release|iPhone.Build.0 = Release|iPhone
		{29D8A86B-B05E-4B9D-85DD-659FB376DD73}.Release|iPhoneSimulator.ActiveCfg = Release|iPhoneSimulator
		{29D8A86B-B05E-4B9D-85DD-659FB376DD73}.Release|iPhoneSimulator.Build.0 = Release|iPhoneSimulator
	EndGlobalSection
EndGlobal
